
Microsoft Visual Studio Solution File, Format Version 12.00
# Visual Studio Version 17
VisualStudioVersion = 17.9.34728.123
MinimumVisualStudioVersion = 10.0.40219.1
Project("{FAE04EC0-301F-11D3-BF4B-00C04F79EFBC}") = "discord-telegram-bot", "discord-telegram-bot\discord-telegram-bot.csproj", "{A8A301C5-F2D1-4516-8567-71A992B367CF}"
EndProject
Global
	GlobalSection(SolutionConfigurationPlatforms) = preSolution
		Debug|Any CPU = Debug|Any CPU
		Release|Any CPU = Release|Any CPU
	EndGlobalSection
	GlobalSection(ProjectConfigurationPlatforms) = postSolution
		{A8A301C5-F2D1-4516-8567-71A992B367CF}.Debug|Any CPU.ActiveCfg = Debug|Any CPU
		{A8A301C5-F2D1-4516-8567-71A992B367CF}.Debug|Any CPU.Build.0 = Debug|Any CPU
		{A8A301C5-F2D1-4516-8567-71A992B367CF}.Release|Any CPU.ActiveCfg = Release|Any CPU
		{A8A301C5-F2D1-4516-8567-71A992B367CF}.Release|Any CPU.Build.0 = Release|Any CPU
	EndGlobalSection
	GlobalSection(SolutionProperties) = preSolution
		HideSolutionNode = FALSE
	EndGlobalSection
	GlobalSection(ExtensibilityGlobals) = postSolution
		SolutionGuid = {94F7F28E-615C-4322-A78D-A42D5ECC979E}
	EndGlobalSection
EndGlobal
